// !$*UTF8*$!
{
	archiveVersion = 1;
	classes = {
	};
	objectVersion = 50;
	objects = {

/* Begin PBXBuildFile section */
		6F4419AC21BDACBB009242EB /* AppDelegate.swift in Sources */ = {isa = PBXBuildFile; fileRef = 6F4419AB21BDACBB009242EB /* AppDelegate.swift */; };
		6F4419AE21BDACBB009242EB /* ViewController.swift in Sources */ = {isa = PBXBuildFile; fileRef = 6F4419AD21BDACBB009242EB /* ViewController.swift */; };
		6F4419B121BDACBB009242EB /* Main.storyboard in Resources */ = {isa = PBXBuildFile; fileRef = 6F4419AF21BDACBB009242EB /* Main.storyboard */; };
		6F4419B321BDACBD009242EB /* Assets.xcassets in Resources */ = {isa = PBXBuildFile; fileRef = 6F4419B221BDACBD009242EB /* Assets.xcassets */; };
		6F4419B621BDACBD009242EB /* LaunchScreen.storyboard in Resources */ = {isa = PBXBuildFile; fileRef = 6F4419B421BDACBD009242EB /* LaunchScreen.storyboard */; };
		6F4419C121BDACBE009242EB /* CW_OlaAdedijiTests.swift in Sources */ = {isa = PBXBuildFile; fileRef = 6F4419C021BDACBE009242EB /* CW_OlaAdedijiTests.swift */; };
		6F4419CC21BDACBE009242EB /* CW_OlaAdedijiUITests.swift in Sources */ = {isa = PBXBuildFile; fileRef = 6F4419CB21BDACBE009242EB /* CW_OlaAdedijiUITests.swift */; };
		6F4419DF21C87BBA009242EB /* road4.png in Resources */ = {isa = PBXBuildFile; fileRef = 6F4419D921C87BBA009242EB /* road4.png */; };
		6F4419E021C87BBA009242EB /* road6.png in Resources */ = {isa = PBXBuildFile; fileRef = 6F4419DA21C87BBA009242EB /* road6.png */; };
		6F4419E121C87BBA009242EB /* road1.png in Resources */ = {isa = PBXBuildFile; fileRef = 6F4419DB21C87BBA009242EB /* road1.png */; };
		6F4419E221C87BBA009242EB /* road3.png in Resources */ = {isa = PBXBuildFile; fileRef = 6F4419DC21C87BBA009242EB /* road3.png */; };
		6F4419E321C87BBA009242EB /* road5.png in Resources */ = {isa = PBXBuildFile; fileRef = 6F4419DD21C87BBA009242EB /* road5.png */; };
		6F4419E421C87BBA009242EB /* road2.png in Resources */ = {isa = PBXBuildFile; fileRef = 6F4419DE21C87BBA009242EB /* road2.png */; };
		6F4419E621C88234009242EB /* UI.swift in Sources */ = {isa = PBXBuildFile; fileRef = 6F4419E521C88234009242EB /* UI.swift */; };
/* End PBXBuildFile section */

/* Begin PBXContainerItemProxy section */
		6F4419BD21BDACBE009242EB /* PBXContainerItemProxy */ = {
			isa = PBXContainerItemProxy;
			containerPortal = 6F4419A021BDACBB009242EB /* Project object */;
			proxyType = 1;
			remoteGlobalIDString = 6F4419A721BDACBB009242EB;
			remoteInfo = CW_OlaAdediji;
		};
		6F4419C821BDACBE009242EB /* PBXContainerItemProxy */ = {
			isa = PBXContainerItemProxy;
			containerPortal = 6F4419A021BDACBB009242EB /* Project object */;
			proxyType = 1;
			remoteGlobalIDString = 6F4419A721BDACBB009242EB;
			remoteInfo = CW_OlaAdediji;
		};
/* End PBXContainerItemProxy section */

/* Begin PBXFileReference section */
		6F4419A821BDACBB009242EB /* CW_OlaAdediji.app */ = {isa = PBXFileReference; explicitFileType = wrapper.application; includeInIndex = 0; path = CW_OlaAdediji.app; sourceTree = BUILT_PRODUCTS_DIR; };
		6F4419AB21BDACBB009242EB /* AppDelegate.swift */ = {isa = PBXFileReference; lastKnownFileType = sourcecode.swift; path = AppDelegate.swift; sourceTree = "<group>"; };
		6F4419AD21BDACBB009242EB /* ViewController.swift */ = {isa = PBXFileReference; lastKnownFileType = sourcecode.swift; path = ViewController.swift; sourceTree = "<group>"; };
		6F4419B021BDACBB009242EB /* Base */ = {isa = PBXFileReference; lastKnownFileType = file.storyboard; name = Base; path = Base.lproj/Main.storyboard; sourceTree = "<group>"; };
		6F4419B221BDACBD009242EB /* Assets.xcassets */ = {isa = PBXFileReference; lastKnownFileType = folder.assetcatalog; path = Assets.xcassets; sourceTree = "<group>"; };
		6F4419B521BDACBD009242EB /* Base */ = {isa = PBXFileReference; lastKnownFileType = file.storyboard; name = Base; path = Base.lproj/LaunchScreen.storyboard; sourceTree = "<group>"; };
		6F4419B721BDACBD009242EB /* Info.plist */ = {isa = PBXFileReference; lastKnownFileType = text.plist.xml; path = Info.plist; sourceTree = "<group>"; };
		6F4419BC21BDACBE009242EB /* CW_OlaAdedijiTests.xctest */ = {isa = PBXFileReference; explicitFileType = wrapper.cfbundle; includeInIndex = 0; path = CW_OlaAdedijiTests.xctest; sourceTree = BUILT_PRODUCTS_DIR; };
		6F4419C021BDACBE009242EB /* CW_OlaAdedijiTests.swift */ = {isa = PBXFileReference; lastKnownFileType = sourcecode.swift; path = CW_OlaAdedijiTests.swift; sourceTree = "<group>"; };
		6F4419C221BDACBE009242EB /* Info.plist */ = {isa = PBXFileReference; lastKnownFileType = text.plist.xml; path = Info.plist; sourceTree = "<group>"; };
		6F4419C721BDACBE009242EB /* CW_OlaAdedijiUITests.xctest */ = {isa = PBXFileReference; explicitFileType = wrapper.cfbundle; includeInIndex = 0; path = CW_OlaAdedijiUITests.xctest; sourceTree = BUILT_PRODUCTS_DIR; };
		6F4419CB21BDACBE009242EB /* CW_OlaAdedijiUITests.swift */ = {isa = PBXFileReference; lastKnownFileType = sourcecode.swift; path = CW_OlaAdedijiUITests.swift; sourceTree = "<group>"; };
		6F4419CD21BDACBE009242EB /* Info.plist */ = {isa = PBXFileReference; lastKnownFileType = text.plist.xml; path = Info.plist; sourceTree = "<group>"; };
		6F4419D921C87BBA009242EB /* road4.png */ = {isa = PBXFileReference; lastKnownFileType = image.png; name = road4.png; path = Images/road4.png; sourceTree = SOURCE_ROOT; };
		6F4419DA21C87BBA009242EB /* road6.png */ = {isa = PBXFileReference; lastKnownFileType = image.png; name = road6.png; path = Images/road6.png; sourceTree = SOURCE_ROOT; };
		6F4419DB21C87BBA009242EB /* road1.png */ = {isa = PBXFileReference; lastKnownFileType = image.png; name = road1.png; path = Images/road1.png; sourceTree = SOURCE_ROOT; };
		6F4419DC21C87BBA009242EB /* road3.png */ = {isa = PBXFileReference; lastKnownFileType = image.png; name = road3.png; path = Images/road3.png; sourceTree = SOURCE_ROOT; };
		6F4419DD21C87BBA009242EB /* road5.png */ = {isa = PBXFileReference; lastKnownFileType = image.png; name = road5.png; path = Images/road5.png; sourceTree = SOURCE_ROOT; };
		6F4419DE21C87BBA009242EB /* road2.png */ = {isa = PBXFileReference; lastKnownFileType = image.png; name = road2.png; path = Images/road2.png; sourceTree = SOURCE_ROOT; };
		6F4419E521C88234009242EB /* UI.swift */ = {isa = PBXFileReference; lastKnownFileType = sourcecode.swift; path = UI.swift; sourceTree = "<group>"; };
/* End PBXFileReference section */

/* Begin PBXFrameworksBuildPhase section */
		6F4419A521BDACBB009242EB /* Frameworks */ = {
			isa = PBXFrameworksBuildPhase;
			buildActionMask = 2147483647;
			files = (
			);
			runOnlyForDeploymentPostprocessing = 0;
		};
		6F4419B921BDACBE009242EB /* Frameworks */ = {
			isa = PBXFrameworksBuildPhase;
			buildActionMask = 2147483647;
			files = (
			);
			runOnlyForDeploymentPostprocessing = 0;
		};
		6F4419C421BDACBE009242EB /* Frameworks */ = {
			isa = PBXFrameworksBuildPhase;
			buildActionMask = 2147483647;
			files = (
			);
			runOnlyForDeploymentPostprocessing = 0;
		};
/* End PBXFrameworksBuildPhase section */

/* Begin PBXGroup section */
		6F44199F21BDACBB009242EB = {
			isa = PBXGroup;
			children = (
				6F4419E521C88234009242EB /* UI.swift */,
				6F4419AA21BDACBB009242EB /* CW_OlaAdediji */,
				6F4419BF21BDACBE009242EB /* CW_OlaAdedijiTests */,
				6F4419CA21BDACBE009242EB /* CW_OlaAdedijiUITests */,
				6F4419A921BDACBB009242EB /* Products */,
			);
			sourceTree = "<group>";
		};
		6F4419A921BDACBB009242EB /* Products */ = {
			isa = PBXGroup;
			children = (
				6F4419A821BDACBB009242EB /* CW_OlaAdediji.app */,
				6F4419BC21BDACBE009242EB /* CW_OlaAdedijiTests.xctest */,
				6F4419C721BDACBE009242EB /* CW_OlaAdedijiUITests.xctest */,
			);
			name = Products;
			sourceTree = "<group>";
		};
		6F4419AA21BDACBB009242EB /* CW_OlaAdediji */ = {
			isa = PBXGroup;
			children = (
				6F4419AB21BDACBB009242EB /* AppDelegate.swift */,
				6F4419AD21BDACBB009242EB /* ViewController.swift */,
				6F4419AF21BDACBB009242EB /* Main.storyboard */,
				6F4419B221BDACBD009242EB /* Assets.xcassets */,
				6F4419B421BDACBD009242EB /* LaunchScreen.storyboard */,
				6F4419B721BDACBD009242EB /* Info.plist */,
			);
			path = CW_OlaAdediji;
			sourceTree = "<group>";
		};
		6F4419BF21BDACBE009242EB /* CW_OlaAdedijiTests */ = {
			isa = PBXGroup;
			children = (
				6F4419DB21C87BBA009242EB /* road1.png */,
				6F4419DE21C87BBA009242EB /* road2.png */,
				6F4419DC21C87BBA009242EB /* road3.png */,
				6F4419D921C87BBA009242EB /* road4.png */,
				6F4419DD21C87BBA009242EB /* road5.png */,
				6F4419DA21C87BBA009242EB /* road6.png */,
				6F4419C021BDACBE009242EB /* CW_OlaAdedijiTests.swift */,
				6F4419C221BDACBE009242EB /* Info.plist */,
			);
			path = CW_OlaAdedijiTests;
			sourceTree = "<group>";
		};
		6F4419CA21BDACBE009242EB /* CW_OlaAdedijiUITests */ = {
			isa = PBXGroup;
			children = (
				6F4419CB21BDACBE009242EB /* CW_OlaAdedijiUITests.swift */,
				6F4419CD21BDACBE009242EB /* Info.plist */,
			);
			path = CW_OlaAdedijiUITests;
			sourceTree = "<group>";
		};
/* End PBXGroup section */

/* Begin PBXNativeTarget section */
		6F4419A721BDACBB009242EB /* CW_OlaAdediji */ = {
			isa = PBXNativeTarget;
			buildConfigurationList = 6F4419D021BDACBE009242EB /* Build configuration list for PBXNativeTarget "CW_OlaAdediji" */;
			buildPhases = (
				6F4419A421BDACBB009242EB /* Sources */,
				6F4419A521BDACBB009242EB /* Frameworks */,
				6F4419A621BDACBB009242EB /* Resources */,
			);
			buildRules = (
			);
			dependencies = (
			);
			name = CW_OlaAdediji;
			productName = CW_OlaAdediji;
			productReference = 6F4419A821BDACBB009242EB /* CW_OlaAdediji.app */;
			productType = "com.apple.product-type.application";
		};
		6F4419BB21BDACBE009242EB /* CW_OlaAdedijiTests */ = {
			isa = PBXNativeTarget;
			buildConfigurationList = 6F4419D321BDACBE009242EB /* Build configuration list for PBXNativeTarget "CW_OlaAdedijiTests" */;
			buildPhases = (
				6F4419B821BDACBE009242EB /* Sources */,
				6F4419B921BDACBE009242EB /* Frameworks */,
				6F4419BA21BDACBE009242EB /* Resources */,
			);
			buildRules = (
			);
			dependencies = (
				6F4419BE21BDACBE009242EB /* PBXTargetDependency */,
			);
			name = CW_OlaAdedijiTests;
			productName = CW_OlaAdedijiTests;
			productReference = 6F4419BC21BDACBE009242EB /* CW_OlaAdedijiTests.xctest */;
			productType = "com.apple.product-type.bundle.unit-test";
		};
		6F4419C621BDACBE009242EB /* CW_OlaAdedijiUITests */ = {
			isa = PBXNativeTarget;
			buildConfigurationList = 6F4419D621BDACBE009242EB /* Build configuration list for PBXNativeTarget "CW_OlaAdedijiUITests" */;
			buildPhases = (
				6F4419C321BDACBE009242EB /* Sources */,
				6F4419C421BDACBE009242EB /* Frameworks */,
				6F4419C521BDACBE009242EB /* Resources */,
			);
			buildRules = (
			);
			dependencies = (
				6F4419C921BDACBE009242EB /* PBXTargetDependency */,
			);
			name = CW_OlaAdedijiUITests;
			productName = CW_OlaAdedijiUITests;
			productReference = 6F4419C721BDACBE009242EB /* CW_OlaAdedijiUITests.xctest */;
			productType = "com.apple.product-type.bundle.ui-testing";
		};
/* End PBXNativeTarget section */

/* Begin PBXProject section */
		6F4419A021BDACBB009242EB /* Project object */ = {
			isa = PBXProject;
			attributes = {
				LastSwiftUpdateCheck = 1010;
				LastUpgradeCheck = 1010;
				ORGANIZATIONNAME = Ola;
				TargetAttributes = {
					6F4419A721BDACBB009242EB = {
						CreatedOnToolsVersion = 10.1;
					};
					6F4419BB21BDACBE009242EB = {
						CreatedOnToolsVersion = 10.1;
						TestTargetID = 6F4419A721BDACBB009242EB;
					};
					6F4419C621BDACBE009242EB = {
						CreatedOnToolsVersion = 10.1;
						TestTargetID = 6F4419A721BDACBB009242EB;
					};
				};
			};
			buildConfigurationList = 6F4419A321BDACBB009242EB /* Build configuration list for PBXProject "CW_OlaAdediji" */;
			compatibilityVersion = "Xcode 9.3";
			developmentRegion = en;
			hasScannedForEncodings = 0;
			knownRegions = (
				en,
				Base,
			);
			mainGroup = 6F44199F21BDACBB009242EB;
			productRefGroup = 6F4419A921BDACBB009242EB /* Products */;
			projectDirPath = "";
			projectRoot = "";
			targets = (
				6F4419A721BDACBB009242EB /* CW_OlaAdediji */,
				6F4419BB21BDACBE009242EB /* CW_OlaAdedijiTests */,
				6F4419C621BDACBE009242EB /* CW_OlaAdedijiUITests */,
			);
		};
/* End PBXProject section */

/* Begin PBXResourcesBuildPhase section */
		6F4419A621BDACBB009242EB /* Resources */ = {
			isa = PBXResourcesBuildPhase;
			buildActionMask = 2147483647;
			files = (
				6F4419B621BDACBD009242EB /* LaunchScreen.storyboard in Resources */,
				6F4419B321BDACBD009242EB /* Assets.xcassets in Resources */,
				6F4419B121BDACBB009242EB /* Main.storyboard in Resources */,
			);
			runOnlyForDeploymentPostprocessing = 0;
		};
		6F4419BA21BDACBE009242EB /* Resources */ = {
			isa = PBXResourcesBuildPhase;
			buildActionMask = 2147483647;
			files = (
				6F4419E421C87BBA009242EB /* road2.png in Resources */,
				6F4419E121C87BBA009242EB /* road1.png in Resources */,
				6F4419E321C87BBA009242EB /* road5.png in Resources */,
				6F4419E221C87BBA009242EB /* road3.png in Resources */,
				6F4419E021C87BBA009242EB /* road6.png in Resources */,
				6F4419DF21C87BBA009242EB /* road4.png in Resources */,
			);
			runOnlyForDeploymentPostprocessing = 0;
		};
		6F4419C521BDACBE009242EB /* Resources */ = {
			isa = PBXResourcesBuildPhase;
			buildActionMask = 2147483647;
			files = (
			);
			runOnlyForDeploymentPostprocessing = 0;
		};
/* End PBXResourcesBuildPhase section */

/* Begin PBXSourcesBuildPhase section */
		6F4419A421BDACBB009242EB /* Sources */ = {
			isa = PBXSourcesBuildPhase;
			buildActionMask = 2147483647;
			files = (
				6F4419AE21BDACBB009242EB /* ViewController.swift in Sources */,
				6F4419AC21BDACBB009242EB /* AppDelegate.swift in Sources */,
			);
			runOnlyForDeploymentPostprocessing = 0;
		};
		6F4419B821BDACBE009242EB /* Sources */ = {
			isa = PBXSourcesBuildPhase;
			buildActionMask = 2147483647;
			files = (
				6F4419C121BDACBE009242EB /* CW_OlaAdedijiTests.swift in Sources */,
				6F4419E621C88234009242EB /* UI.swift in Sources */,
			);
			runOnlyForDeploymentPostprocessing = 0;
		};
		6F4419C321BDACBE009242EB /* Sources */ = {
			isa = PBXSourcesBuildPhase;
			buildActionMask = 2147483647;
			files = (
				6F4419CC21BDACBE009242EB /* CW_OlaAdedijiUITests.swift in Sources */,
			);
			runOnlyForDeploymentPostprocessing = 0;
		};
/* End PBXSourcesBuildPhase section */

/* Begin PBXTargetDependency section */
		6F4419BE21BDACBE009242EB /* PBXTargetDependency */ = {
			isa = PBXTargetDependency;
			target = 6F4419A721BDACBB009242EB /* CW_OlaAdediji */;
			targetProxy = 6F4419BD21BDACBE009242EB /* PBXContainerItemProxy */;
		};
		6F4419C921BDACBE009242EB /* PBXTargetDependency */ = {
			isa = PBXTargetDependency;
			target = 6F4419A721BDACBB009242EB /* CW_OlaAdediji */;
			targetProxy = 6F4419C821BDACBE009242EB /* PBXContainerItemProxy */;
		};
/* End PBXTargetDependency section */

/* Begin PBXVariantGroup section */
		6F4419AF21BDACBB009242EB /* Main.storyboard */ = {
			isa = PBXVariantGroup;
			children = (
				6F4419B021BDACBB009242EB /* Base */,
			);
			name = Main.storyboard;
			sourceTree = "<group>";
		};
		6F4419B421BDACBD009242EB /* LaunchScreen.storyboard */ = {
			isa = PBXVariantGroup;
			children = (
				6F4419B521BDACBD009242EB /* Base */,
			);
			name = LaunchScreen.storyboard;
			sourceTree = "<group>";
		};
/* End PBXVariantGroup section */

/* Begin XCBuildConfiguration section */
		6F4419CE21BDACBE009242EB /* Debug */ = {
			isa = XCBuildConfiguration;
			buildSettings = {
				ALWAYS_SEARCH_USER_PATHS = NO;
				CLANG_ANALYZER_NONNULL = YES;
				CLANG_ANALYZER_NUMBER_OBJECT_CONVERSION = YES_AGGRESSIVE;
				CLANG_CXX_LANGUAGE_STANDARD = "gnu++14";
				CLANG_CXX_LIBRARY = "libc++";
				CLANG_ENABLE_MODULES = YES;
				CLANG_ENABLE_OBJC_ARC = YES;
				CLANG_ENABLE_OBJC_WEAK = YES;
				CLANG_WARN_BLOCK_CAPTURE_AUTORELEASING = YES;
				CLANG_WARN_BOOL_CONVERSION = YES;
				CLANG_WARN_COMMA = YES;
				CLANG_WARN_CONSTANT_CONVERSION = YES;
				CLANG_WARN_DEPRECATED_OBJC_IMPLEMENTATIONS = YES;
				CLANG_WARN_DIRECT_OBJC_ISA_USAGE = YES_ERROR;
				CLANG_WARN_DOCUMENTATION_COMMENTS = YES;
				CLANG_WARN_EMPTY_BODY = YES;
				CLANG_WARN_ENUM_CONVERSION = YES;
				CLANG_WARN_INFINITE_RECURSION = YES;
				CLANG_WARN_INT_CONVERSION = YES;
				CLANG_WARN_NON_LITERAL_NULL_CONVERSION = YES;
				CLANG_WARN_OBJC_IMPLICIT_RETAIN_SELF = YES;
				CLANG_WARN_OBJC_LITERAL_CONVERSION = YES;
				CLANG_WARN_OBJC_ROOT_CLASS = YES_ERROR;
				CLANG_WARN_RANGE_LOOP_ANALYSIS = YES;
				CLANG_WARN_STRICT_PROTOTYPES = YES;
				CLANG_WARN_SUSPICIOUS_MOVE = YES;
				CLANG_WARN_UNGUARDED_AVAILABILITY = YES_AGGRESSIVE;
				CLANG_WARN_UNREACHABLE_CODE = YES;
				CLANG_WARN__DUPLICATE_METHOD_MATCH = YES;
				CODE_SIGN_IDENTITY = "iPhone Developer";
				COPY_PHASE_STRIP = NO;
				DEBUG_INFORMATION_FORMAT = dwarf;
				ENABLE_STRICT_OBJC_MSGSEND = YES;
				ENABLE_TESTABILITY = YES;
				GCC_C_LANGUAGE_STANDARD = gnu11;
				GCC_DYNAMIC_NO_PIC = NO;
				GCC_NO_COMMON_BLOCKS = YES;
				GCC_OPTIMIZATION_LEVEL = 0;
				GCC_PREPROCESSOR_DEFINITIONS = (
					"DEBUG=1",
					"$(inherited)",
				);
				GCC_WARN_64_TO_32_BIT_CONVERSION = YES;
				GCC_WARN_ABOUT_RETURN_TYPE = YES_ERROR;
				GCC_WARN_UNDECLARED_SELECTOR = YES;
				GCC_WARN_UNINITIALIZED_AUTOS = YES_AGGRESSIVE;
				GCC_WARN_UNUSED_FUNCTION = YES;
				GCC_WARN_UNUSED_VARIABLE = YES;
				IPHONEOS_DEPLOYMENT_TARGET = 12.1;
				MTL_ENABLE_DEBUG_INFO = INCLUDE_SOURCE;
				MTL_FAST_MATH = YES;
				ONLY_ACTIVE_ARCH = YES;
				SDKROOT = iphoneos;
				SWIFT_ACTIVE_COMPILATION_CONDITIONS = DEBUG;
				SWIFT_OPTIMIZATION_LEVEL = "-Onone";
			};
			name = Debug;
		};
		6F4419CF21BDACBE009242EB /* Release */ = {
			isa = XCBuildConfiguration;
			buildSettings = {
				ALWAYS_SEARCH_USER_PATHS = NO;
				CLANG_ANALYZER_NONNULL = YES;
				CLANG_ANALYZER_NUMBER_OBJECT_CONVERSION = YES_AGGRESSIVE;
				CLANG_CXX_LANGUAGE_STANDARD = "gnu++14";
				CLANG_CXX_LIBRARY = "libc++";
				CLANG_ENABLE_MODULES = YES;
				CLANG_ENABLE_OBJC_ARC = YES;
				CLANG_ENABLE_OBJC_WEAK = YES;
				CLANG_WARN_BLOCK_CAPTURE_AUTORELEASING = YES;
				CLANG_WARN_BOOL_CONVERSION = YES;
				CLANG_WARN_COMMA = YES;
				CLANG_WARN_CONSTANT_CONVERSION = YES;
				CLANG_WARN_DEPRECATED_OBJC_IMPLEMENTATIONS = YES;
				CLANG_WARN_DIRECT_OBJC_ISA_USAGE = YES_ERROR;
				CLANG_WARN_DOCUMENTATION_COMMENTS = YES;
				CLANG_WARN_EMPTY_BODY = YES;
				CLANG_WARN_ENUM_CONVERSION = YES;
				CLANG_WARN_INFINITE_RECURSION = YES;
				CLANG_WARN_INT_CONVERSION = YES;
				CLANG_WARN_NON_LITERAL_NULL_CONVERSION = YES;
				CLANG_WARN_OBJC_IMPLICIT_RETAIN_SELF = YES;
				CLANG_WARN_OBJC_LITERAL_CONVERSION = YES;
				CLANG_WARN_OBJC_ROOT_CLASS = YES_ERROR;
				CLANG_WARN_RANGE_LOOP_ANALYSIS = YES;
				CLANG_WARN_STRICT_PROTOTYPES = YES;
				CLANG_WARN_SUSPICIOUS_MOVE = YES;
				CLANG_WARN_UNGUARDED_AVAILABILITY = YES_AGGRESSIVE;
				CLANG_WARN_UNREACHABLE_CODE = YES;
				CLANG_WARN__DUPLICATE_METHOD_MATCH = YES;
				CODE_SIGN_IDENTITY = "iPhone Developer";
				COPY_PHASE_STRIP = NO;
				DEBUG_INFORMATION_FORMAT = "dwarf-with-dsym";
				ENABLE_NS_ASSERTIONS = NO;
				ENABLE_STRICT_OBJC_MSGSEND = YES;
				GCC_C_LANGUAGE_STANDARD = gnu11;
				GCC_NO_COMMON_BLOCKS = YES;
				GCC_WARN_64_TO_32_BIT_CONVERSION = YES;
				GCC_WARN_ABOUT_RETURN_TYPE = YES_ERROR;
				GCC_WARN_UNDECLARED_SELECTOR = YES;
				GCC_WARN_UNINITIALIZED_AUTOS = YES_AGGRESSIVE;
				GCC_WARN_UNUSED_FUNCTION = YES;
				GCC_WARN_UNUSED_VARIABLE = YES;
				IPHONEOS_DEPLOYMENT_TARGET = 12.1;
				MTL_ENABLE_DEBUG_INFO = NO;
				MTL_FAST_MATH = YES;
				SDKROOT = iphoneos;
				SWIFT_COMPILATION_MODE = wholemodule;
				SWIFT_OPTIMIZATION_LEVEL = "-O";
				VALIDATE_PRODUCT = YES;
			};
			name = Release;
		};
		6F4419D121BDACBE009242EB /* Debug */ = {
			isa = XCBuildConfiguration;
			buildSettings = {
				ASSETCATALOG_COMPILER_APPICON_NAME = AppIcon;
				CODE_SIGN_STYLE = Automatic;
				DEVELOPMENT_TEAM = 7U8529689J;
				INFOPLIST_FILE = CW_OlaAdediji/Info.plist;
				LD_RUNPATH_SEARCH_PATHS = (
					"$(inherited)",
					"@executable_path/Frameworks",
				);
				PRODUCT_BUNDLE_IDENTIFIER = "BarradeStudio.CW-OlaAdediji";
				PRODUCT_NAME = "$(TARGET_NAME)";
				SWIFT_VERSION = 4.2;
				TARGETED_DEVICE_FAMILY = "1,2";
			};
			name = Debug;
		};
		6F4419D221BDACBE009242EB /* Release */ = {
			isa = XCBuildConfiguration;
			buildSettings = {
				ASSETCATALOG_COMPILER_APPICON_NAME = AppIcon;
				CODE_SIGN_STYLE = Automatic;
				DEVELOPMENT_TEAM = 7U8529689J;
				INFOPLIST_FILE = CW_OlaAdediji/Info.plist;
				LD_RUNPATH_SEARCH_PATHS = (
					"$(inherited)",
					"@executable_path/Frameworks",
				);
				PRODUCT_BUNDLE_IDENTIFIER = "BarradeStudio.CW-OlaAdediji";
				PRODUCT_NAME = "$(TARGET_NAME)";
				SWIFT_VERSION = 4.2;
				TARGETED_DEVICE_FAMILY = "1,2";
			};
			name = Release;
		};
		6F4419D421BDACBE009242EB /* Debug */ = {
			isa = XCBuildConfiguration;
			buildSettings = {
				ALWAYS_EMBED_SWIFT_STANDARD_LIBRARIES = YES;
				BUNDLE_LOADER = "$(TEST_HOST)";
				CODE_SIGN_STYLE = Automatic;
				DEVELOPMENT_TEAM = 7U8529689J;
				INFOPLIST_FILE = CW_OlaAdedijiTests/Info.plist;
				LD_RUNPATH_SEARCH_PATHS = (
					"$(inherited)",
					"@executable_path/Frameworks",
					"@loader_path/Frameworks",
				);
				PRODUCT_BUNDLE_IDENTIFIER = "BarradeStudio.CW-OlaAdedijiTests";
				PRODUCT_NAME = "$(TARGET_NAME)";
				SWIFT_VERSION = 4.2;
				TARGETED_DEVICE_FAMILY = "1,2";
				TEST_HOST = "$(BUILT_PRODUCTS_DIR)/CW_OlaAdediji.app/CW_OlaAdediji";
			};
			name = Debug;
		};
		6F4419D521BDACBE009242EB /* Release */ = {
			isa = XCBuildConfiguration;
			buildSettings = {
				ALWAYS_EMBED_SWIFT_STANDARD_LIBRARIES = YES;
				BUNDLE_LOADER = "$(TEST_HOST)";
				CODE_SIGN_STYLE = Automatic;
				DEVELOPMENT_TEAM = 7U8529689J;
				INFOPLIST_FILE = CW_OlaAdedijiTests/Info.plist;
				LD_RUNPATH_SEARCH_PATHS = (
					"$(inherited)",
					"@executable_path/Frameworks",
					"@loader_path/Frameworks",
				);
				PRODUCT_BUNDLE_IDENTIFIER = "BarradeStudio.CW-OlaAdedijiTests";
				PRODUCT_NAME = "$(TARGET_NAME)";
				SWIFT_VERSION = 4.2;
				TARGETED_DEVICE_FAMILY = "1,2";
				TEST_HOST = "$(BUILT_PRODUCTS_DIR)/CW_OlaAdediji.app/CW_OlaAdediji";
			};
			name = Release;
		};
		6F4419D721BDACBE009242EB /* Debug */ = {
			isa = XCBuildConfiguration;
			buildSettings = {
				ALWAYS_EMBED_SWIFT_STANDARD_LIBRARIES = YES;
				CODE_SIGN_STYLE = Automatic;
				DEVELOPMENT_TEAM = 7U8529689J;
				INFOPLIST_FILE = CW_OlaAdedijiUITests/Info.plist;
				LD_RUNPATH_SEARCH_PATHS = (
					"$(inherited)",
					"@executable_path/Frameworks",
					"@loader_path/Frameworks",
				);
				PRODUCT_BUNDLE_IDENTIFIER = "BarradeStudio.CW-OlaAdedijiUITests";
				PRODUCT_NAME = "$(TARGET_NAME)";
				SWIFT_VERSION = 4.2;
				TARGETED_DEVICE_FAMILY = "1,2";
				TEST_TARGET_NAME = CW_OlaAdediji;
			};
			name = Debug;
		};
		6F4419D821BDACBE009242EB /* Release */ = {
			isa = XCBuildConfiguration;
			buildSettings = {
				ALWAYS_EMBED_SWIFT_STANDARD_LIBRARIES = YES;
				CODE_SIGN_STYLE = Automatic;
				DEVELOPMENT_TEAM = 7U8529689J;
				INFOPLIST_FILE = CW_OlaAdedijiUITests/Info.plist;
				LD_RUNPATH_SEARCH_PATHS = (
					"$(inherited)",
					"@executable_path/Frameworks",
					"@loader_path/Frameworks",
				);
				PRODUCT_BUNDLE_IDENTIFIER = "BarradeStudio.CW-OlaAdedijiUITests";
				PRODUCT_NAME = "$(TARGET_NAME)";
				SWIFT_VERSION = 4.2;
				TARGETED_DEVICE_FAMILY = "1,2";
				TEST_TARGET_NAME = CW_OlaAdediji;
			};
			name = Release;
		};
/* End XCBuildConfiguration section */

/* Begin XCConfigurationList section */
		6F4419A321BDACBB009242EB /* Build configuration list for PBXProject "CW_OlaAdediji" */ = {
			isa = XCConfigurationList;
			buildConfigurations = (
				6F4419CE21BDACBE009242EB /* Debug */,
				6F4419CF21BDACBE009242EB /* Release */,
			);
			defaultConfigurationIsVisible = 0;
			defaultConfigurationName = Release;
		};
		6F4419D021BDACBE009242EB /* Build configuration list for PBXNativeTarget "CW_OlaAdediji" */ = {
			isa = XCConfigurationList;
			buildConfigurations = (
				6F4419D121BDACBE009242EB /* Debug */,
				6F4419D221BDACBE009242EB /* Release */,
			);
			defaultConfigurationIsVisible = 0;
			defaultConfigurationName = Release;
		};
		6F4419D321BDACBE009242EB /* Build configuration list for PBXNativeTarget "CW_OlaAdedijiTests" */ = {
			isa = XCConfigurationList;
			buildConfigurations = (
				6F4419D421BDACBE009242EB /* Debug */,
				6F4419D521BDACBE009242EB /* Release */,
			);
			defaultConfigurationIsVisible = 0;
			defaultConfigurationName = Release;
		};
		6F4419D621BDACBE009242EB /* Build configuration list for PBXNativeTarget "CW_OlaAdedijiUITests" */ = {
			isa = XCConfigurationList;
			buildConfigurations = (
				6F4419D721BDACBE009242EB /* Debug */,
				6F4419D821BDACBE009242EB /* Release */,
			);
			defaultConfigurationIsVisible = 0;
			defaultConfigurationName = Release;
		};
/* End XCConfigurationList section */
	};
	rootObject = 6F4419A021BDACBB009242EB /* Project object */;
}
